# THIS IS AN AUTOGENERATED FILE. DO NOT EDIT THIS FILE DIRECTLY.
# yarn lockfile v1


"@autoit-gui-skeleton/ags-component-http-request@^1.0.0":
  version "1.0.3"
  resolved "https://registry.yarnpkg.com/@autoit-gui-skeleton/ags-component-http-request/-/ags-component-http-request-1.0.3.tgz#bdfa67791d2b6ea413562eed10edb627a3d56af6"
